
Microsoft Visual Studio Solution File, Format Version 10.00
# Visual Studio 2008
Project("{FAE04EC0-301F-11D3-BF4B-00C04F79EFBC}") = "Monopoly", "Monopoly\Monopoly.csproj", "{2E873B7C-975A-48BC-BF6C-E00D6FE4BB88}"
EndProject
Project("{FAE04EC0-301F-11D3-BF4B-00C04F79EFBC}") = "BusinessLayer", "BusinessLayer\BusinessLayer.csproj", "{AC388CFF-BCB0-468B-AE8D-C5430DE38C04}"
EndProject
Global
	GlobalSection(SolutionConfigurationPlatforms) = preSolution
		Debug|Any CPU = Debug|Any CPU
		Release|Any CPU = Release|Any CPU
	EndGlobalSection
	GlobalSection(ProjectConfigurationPlatforms) = postSolution
		{2E873B7C-975A-48BC-BF6C-E00D6FE4BB88}.Debug|Any CPU.ActiveCfg = Debug|Any CPU
		{2E873B7C-975A-48BC-BF6C-E00D6FE4BB88}.Debug|Any CPU.Build.0 = Debug|Any CPU
		{2E873B7C-975A-48BC-BF6C-E00D6FE4BB88}.Release|Any CPU.ActiveCfg = Release|Any CPU
		{2E873B7C-975A-48BC-BF6C-E00D6FE4BB88}.Release|Any CPU.Build.0 = Release|Any CPU
		{AC388CFF-BCB0-468B-AE8D-C5430DE38C04}.Debug|Any CPU.ActiveCfg = Debug|Any CPU
		{AC388CFF-BCB0-468B-AE8D-C5430DE38C04}.Debug|Any CPU.Build.0 = Debug|Any CPU
		{AC388CFF-BCB0-468B-AE8D-C5430DE38C04}.Release|Any CPU.ActiveCfg = Release|Any CPU
		{AC388CFF-BCB0-468B-AE8D-C5430DE38C04}.Release|Any CPU.Build.0 = Release|Any CPU
	EndGlobalSection
	GlobalSection(SolutionProperties) = preSolution
		HideSolutionNode = FALSE
	EndGlobalSection
EndGlobal
