
Microsoft Visual Studio Solution File, Format Version 10.00
# Visual Studio 2008
Project("{FAE04EC0-301F-11D3-BF4B-00C04F79EFBC}") = "WebApplication1", "WebApplication1\WebApplication1.csproj", "{D5A163EE-D8C9-41E6-BB8C-D5BE0A7A826F}"
EndProject
Global
	GlobalSection(SolutionConfigurationPlatforms) = preSolution
		Debug|Any CPU = Debug|Any CPU
		Release|Any CPU = Release|Any CPU
	EndGlobalSection
	GlobalSection(ProjectConfigurationPlatforms) = postSolution
		{D5A163EE-D8C9-41E6-BB8C-D5BE0A7A826F}.Debug|Any CPU.ActiveCfg = Debug|Any CPU
		{D5A163EE-D8C9-41E6-BB8C-D5BE0A7A826F}.Debug|Any CPU.Build.0 = Debug|Any CPU
		{D5A163EE-D8C9-41E6-BB8C-D5BE0A7A826F}.Release|Any CPU.ActiveCfg = Release|Any CPU
		{D5A163EE-D8C9-41E6-BB8C-D5BE0A7A826F}.Release|Any CPU.Build.0 = Release|Any CPU
	EndGlobalSection
	GlobalSection(SolutionProperties) = preSolution
		HideSolutionNode = FALSE
	EndGlobalSection
EndGlobal
